// !$*UTF8*$!
{
	archiveVersion = 1;
	classes = {
	};
	objectVersion = 48;
	objects = {

/* Begin PBXBuildFile section */
		725B0BF51F32E14600470575 /* AppDelegate.swift in Sources */ = {isa = PBXBuildFile; fileRef = 725B0BF41F32E14600470575 /* AppDelegate.swift */; };
		725B0BF71F32E14600470575 /* ViewController.swift in Sources */ = {isa = PBXBuildFile; fileRef = 725B0BF61F32E14600470575 /* ViewController.swift */; };
		725B0BFA1F32E14700470575 /* Main.storyboard in Resources */ = {isa = PBXBuildFile; fileRef = 725B0BF81F32E14700470575 /* Main.storyboard */; };
		725B0BFC1F32E14700470575 /* Assets.xcassets in Resources */ = {isa = PBXBuildFile; fileRef = 725B0BFB1F32E14700470575 /* Assets.xcassets */; };
		725B0BFF1F32E14700470575 /* LaunchScreen.storyboard in Resources */ = {isa = PBXBuildFile; fileRef = 725B0BFD1F32E14700470575 /* LaunchScreen.storyboard */; };
		725B0C071F32E89900470575 /* Inceptionv3.mlmodel in Sources */ = {isa = PBXBuildFile; fileRef = 725B0C061F32E85A00470575 /* Inceptionv3.mlmodel */; };
/* End PBXBuildFile section */

/* Begin PBXFileReference section */
		725B0BF11F32E14600470575 /* DGImageRecognition.app */ = {isa = PBXFileReference; explicitFileType = wrapper.application; includeInIndex = 0; path = DGImageRecognition.app; sourceTree = BUILT_PRODUCTS_DIR; };
		725B0BF41F32E14600470575 /* AppDelegate.swift */ = {isa = PBXFileReference; lastKnownFileType = sourcecode.swift; path = AppDelegate.swift; sourceTree = "<group>"; };
		725B0BF61F32E14600470575 /* ViewController.swift */ = {isa = PBXFileReference; lastKnownFileType = sourcecode.swift; path = ViewController.swift; sourceTree = "<group>"; };
		725B0BF91F32E14700470575 /* Base */ = {isa = PBXFileReference; lastKnownFileType = file.storyboard; name = Base; path = Base.lproj/Main.storyboard; sourceTree = "<group>"; };
		725B0BFB1F32E14700470575 /* Assets.xcassets */ = {isa = PBXFileReference; lastKnownFileType = folder.assetcatalog; path = Assets.xcassets; sourceTree = "<group>"; };
		725B0BFE1F32E14700470575 /* Base */ = {isa = PBXFileReference; lastKnownFileType = file.storyboard; name = Base; path = Base.lproj/LaunchScreen.storyboard; sourceTree = "<group>"; };
		725B0C001F32E14700470575 /* Info.plist */ = {isa = PBXFileReference; lastKnownFileType = text.plist.xml; path = Info.plist; sourceTree = "<group>"; };
		725B0C061F32E85A00470575 /* Inceptionv3.mlmodel */ = {isa = PBXFileReference; lastKnownFileType = file.mlmodel; path = Inceptionv3.mlmodel; sourceTree = "<group>"; };
/* End PBXFileReference section */

/* Begin PBXFrameworksBuildPhase section */
		725B0BEE1F32E14600470575 /* Frameworks */ = {
			isa = PBXFrameworksBuildPhase;
			buildActionMask = 2147483647;
			files = (
			);
			runOnlyForDeploymentPostprocessing = 0;
		};
/* End PBXFrameworksBuildPhase section */

/* Begin PBXGroup section */
		725B0BE81F32E14600470575 = {
			isa = PBXGroup;
			children = (
				725B0BF31F32E14600470575 /* DGImageRecognition */,
				725B0BF21F32E14600470575 /* Products */,
			);
			sourceTree = "<group>";
		};
		725B0BF21F32E14600470575 /* Products */ = {
			isa = PBXGroup;
			children = (
				725B0BF11F32E14600470575 /* DGImageRecognition.app */,
			);
			name = Products;
			sourceTree = "<group>";
		};
		725B0BF31F32E14600470575 /* DGImageRecognition */ = {
			isa = PBXGroup;
			children = (
				725B0C061F32E85A00470575 /* Inceptionv3.mlmodel */,
				725B0BF41F32E14600470575 /* AppDelegate.swift */,
				725B0BF61F32E14600470575 /* ViewController.swift */,
				725B0BF81F32E14700470575 /* Main.storyboard */,
				725B0BFB1F32E14700470575 /* Assets.xcassets */,
				725B0BFD1F32E14700470575 /* LaunchScreen.storyboard */,
				725B0C001F32E14700470575 /* Info.plist */,
			);
			path = DGImageRecognition;
			sourceTree = "<group>";
		};
/* End PBXGroup section */

/* Begin PBXNativeTarget section */
		725B0BF01F32E14600470575 /* DGImageRecognition */ = {
			isa = PBXNativeTarget;
			buildConfigurationList = 725B0C031F32E14700470575 /* Build configuration list for PBXNativeTarget "DGImageRecognition" */;
			buildPhases = (
				725B0BED1F32E14600470575 /* Sources */,
				725B0BEE1F32E14600470575 /* Frameworks */,
				725B0BEF1F32E14600470575 /* Resources */,
			);
			buildRules = (
			);
			dependencies = (
			);
			name = DGImageRecognition;
			productName = DGImageRecognition;
			productReference = 725B0BF11F32E14600470575 /* DGImageRecognition.app */;
			productType = "com.apple.product-type.application";
		};
/* End PBXNativeTarget section */

/* Begin PBXProject section */
		725B0BE91F32E14600470575 /* Project object */ = {
			isa = PBXProject;
			attributes = {
				LastSwiftUpdateCheck = 0900;
				LastUpgradeCheck = 0900;
				ORGANIZATIONNAME = ApptasticVoyage;
				TargetAttributes = {
					725B0BF01F32E14600470575 = {
						CreatedOnToolsVersion = 9.0;
					};
				};
			};
			buildConfigurationList = 725B0BEC1F32E14600470575 /* Build configuration list for PBXProject "DGImageRecognition" */;
			compatibilityVersion = "Xcode 8.0";
			developmentRegion = en;
			hasScannedForEncodings = 0;
			knownRegions = (
				en,
				Base,
			);
			mainGroup = 725B0BE81F32E14600470575;
			productRefGroup = 725B0BF21F32E14600470575 /* Products */;
			projectDirPath = "";
			projectRoot = "";
			targets = (
				725B0BF01F32E14600470575 /* DGImageRecognition */,
			);
		};
/* End PBXProject section */

/* Begin PBXResourcesBuildPhase section */
		725B0BEF1F32E14600470575 /* Resources */ = {
			isa = PBXResourcesBuildPhase;
			buildActionMask = 2147483647;
			files = (
				725B0BFF1F32E14700470575 /* LaunchScreen.storyboard in Resources */,
				725B0BFC1F32E14700470575 /* Assets.xcassets in Resources */,
				725B0BFA1F32E14700470575 /* Main.storyboard in Resources */,
			);
			runOnlyForDeploymentPostprocessing = 0;
		};
/* End PBXResourcesBuildPhase section */

/* Begin PBXSourcesBuildPhase section */
		725B0BED1F32E14600470575 /* Sources */ = {
			isa = PBXSourcesBuildPhase;
			buildActionMask = 2147483647;
			files = (
				725B0BF71F32E14600470575 /* ViewController.swift in Sources */,
				725B0C071F32E89900470575 /* Inceptionv3.mlmodel in Sources */,
				725B0BF51F32E14600470575 /* AppDelegate.swift in Sources */,
			);
			runOnlyForDeploymentPostprocessing = 0;
		};
/* End PBXSourcesBuildPhase section */

/* Begin PBXVariantGroup section */
		725B0BF81F32E14700470575 /* Main.storyboard */ = {
			isa = PBXVariantGroup;
			children = (
				725B0BF91F32E14700470575 /* Base */,
			);
			name = Main.storyboard;
			sourceTree = "<group>";
		};
		725B0BFD1F32E14700470575 /* LaunchScreen.storyboard */ = {
			isa = PBXVariantGroup;
			children = (
				725B0BFE1F32E14700470575 /* Base */,
			);
			name = LaunchScreen.storyboard;
			sourceTree = "<group>";
		};
/* End PBXVariantGroup section */

/* Begin XCBuildConfiguration section */
		725B0C011F32E14700470575 /* Debug */ = {
			isa = XCBuildConfiguration;
			buildSettings = {
				ALWAYS_SEARCH_USER_PATHS = NO;
				CLANG_ANALYZER_NONNULL = YES;
				CLANG_ANALYZER_NUMBER_OBJECT_CONVERSION = YES_AGGRESSIVE;
				CLANG_CXX_LANGUAGE_STANDARD = "gnu++14";
				CLANG_CXX_LIBRARY = "libc++";
				CLANG_ENABLE_MODULES = YES;
				CLANG_ENABLE_OBJC_ARC = YES;
				CLANG_WARN_BLOCK_CAPTURE_AUTORELEASING = YES;
				CLANG_WARN_BOOL_CONVERSION = YES;
				CLANG_WARN_COMMA = YES;
				CLANG_WARN_CONSTANT_CONVERSION = YES;
				CLANG_WARN_DIRECT_OBJC_ISA_USAGE = YES_ERROR;
				CLANG_WARN_DOCUMENTATION_COMMENTS = YES;
				CLANG_WARN_EMPTY_BODY = YES;
				CLANG_WARN_ENUM_CONVERSION = YES;
				CLANG_WARN_INFINITE_RECURSION = YES;
				CLANG_WARN_INT_CONVERSION = YES;
				CLANG_WARN_NON_LITERAL_NULL_CONVERSION = YES;
				CLANG_WARN_OBJC_LITERAL_CONVERSION = YES;
				CLANG_WARN_OBJC_ROOT_CLASS = YES_ERROR;
				CLANG_WARN_RANGE_LOOP_ANALYSIS = YES;
				CLANG_WARN_STRICT_PROTOTYPES = YES;
				CLANG_WARN_SUSPICIOUS_MOVE = YES;
				CLANG_WARN_UNGUARDED_AVAILABILITY = YES_AGGRESSIVE;
				CLANG_WARN_UNREACHABLE_CODE = YES;
				CLANG_WARN__DUPLICATE_METHOD_MATCH = YES;
				CODE_SIGN_IDENTITY = "iPhone Developer";
				COPY_PHASE_STRIP = NO;
				DEBUG_INFORMATION_FORMAT = dwarf;
				ENABLE_STRICT_OBJC_MSGSEND = YES;
				ENABLE_TESTABILITY = YES;
				GCC_C_LANGUAGE_STANDARD = gnu11;
				GCC_DYNAMIC_NO_PIC = NO;
				GCC_NO_COMMON_BLOCKS = YES;
				GCC_OPTIMIZATION_LEVEL = 0;
				GCC_PREPROCESSOR_DEFINITIONS = (
					"DEBUG=1",
					"$(inherited)",
				);
				GCC_WARN_64_TO_32_BIT_CONVERSION = YES;
				GCC_WARN_ABOUT_RETURN_TYPE = YES_ERROR;
				GCC_WARN_UNDECLARED_SELECTOR = YES;
				GCC_WARN_UNINITIALIZED_AUTOS = YES_AGGRESSIVE;
				GCC_WARN_UNUSED_FUNCTION = YES;
				GCC_WARN_UNUSED_VARIABLE = YES;
				IPHONEOS_DEPLOYMENT_TARGET = 11.0;
				MTL_ENABLE_DEBUG_INFO = YES;
				ONLY_ACTIVE_ARCH = YES;
				SDKROOT = iphoneos;
				SWIFT_ACTIVE_COMPILATION_CONDITIONS = DEBUG;
				SWIFT_OPTIMIZATION_LEVEL = "-Onone";
			};
			name = Debug;
		};
		725B0C021F32E14700470575 /* Release */ = {
			isa = XCBuildConfiguration;
			buildSettings = {
				ALWAYS_SEARCH_USER_PATHS = NO;
				CLANG_ANALYZER_NONNULL = YES;
				CLANG_ANALYZER_NUMBER_OBJECT_CONVERSION = YES_AGGRESSIVE;
				CLANG_CXX_LANGUAGE_STANDARD = "gnu++14";
				CLANG_CXX_LIBRARY = "libc++";
				CLANG_ENABLE_MODULES = YES;
				CLANG_ENABLE_OBJC_ARC = YES;
				CLANG_WARN_BLOCK_CAPTURE_AUTORELEASING = YES;
				CLANG_WARN_BOOL_CONVERSION = YES;
				CLANG_WARN_COMMA = YES;
				CLANG_WARN_CONSTANT_CONVERSION = YES;
				CLANG_WARN_DIRECT_OBJC_ISA_USAGE = YES_ERROR;
				CLANG_WARN_DOCUMENTATION_COMMENTS = YES;
				CLANG_WARN_EMPTY_BODY = YES;
				CLANG_WARN_ENUM_CONVERSION = YES;
				CLANG_WARN_INFINITE_RECURSION = YES;
				CLANG_WARN_INT_CONVERSION = YES;
				CLANG_WARN_NON_LITERAL_NULL_CONVERSION = YES;
				CLANG_WARN_OBJC_LITERAL_CONVERSION = YES;
				CLANG_WARN_OBJC_ROOT_CLASS = YES_ERROR;
				CLANG_WARN_RANGE_LOOP_ANALYSIS = YES;
				CLANG_WARN_STRICT_PROTOTYPES = YES;
				CLANG_WARN_SUSPICIOUS_MOVE = YES;
				CLANG_WARN_UNGUARDED_AVAILABILITY = YES_AGGRESSIVE;
				CLANG_WARN_UNREACHABLE_CODE = YES;
				CLANG_WARN__DUPLICATE_METHOD_MATCH = YES;
				CODE_SIGN_IDENTITY = "iPhone Developer";
				COPY_PHASE_STRIP = NO;
				DEBUG_INFORMATION_FORMAT = "dwarf-with-dsym";
				ENABLE_NS_ASSERTIONS = NO;
				ENABLE_STRICT_OBJC_MSGSEND = YES;
				GCC_C_LANGUAGE_STANDARD = gnu11;
				GCC_NO_COMMON_BLOCKS = YES;
				GCC_WARN_64_TO_32_BIT_CONVERSION = YES;
				GCC_WARN_ABOUT_RETURN_TYPE = YES_ERROR;
				GCC_WARN_UNDECLARED_SELECTOR = YES;
				GCC_WARN_UNINITIALIZED_AUTOS = YES_AGGRESSIVE;
				GCC_WARN_UNUSED_FUNCTION = YES;
				GCC_WARN_UNUSED_VARIABLE = YES;
				IPHONEOS_DEPLOYMENT_TARGET = 11.0;
				MTL_ENABLE_DEBUG_INFO = NO;
				SDKROOT = iphoneos;
				SWIFT_OPTIMIZATION_LEVEL = "-Owholemodule";
				VALIDATE_PRODUCT = YES;
			};
			name = Release;
		};
		725B0C041F32E14700470575 /* Debug */ = {
			isa = XCBuildConfiguration;
			buildSettings = {
				ASSETCATALOG_COMPILER_APPICON_NAME = AppIcon;
				DEVELOPMENT_TEAM = KT3EESWU53;
				INFOPLIST_FILE = DGImageRecognition/Info.plist;
				LD_RUNPATH_SEARCH_PATHS = "$(inherited) @executable_path/Frameworks";
				PRODUCT_BUNDLE_IDENTIFIER = com.ApptasticVoyage.DGImageRecognition;
				PRODUCT_NAME = "$(TARGET_NAME)";
				SWIFT_VERSION = 4.0;
				TARGETED_DEVICE_FAMILY = "1,2";
			};
			name = Debug;
		};
		725B0C051F32E14700470575 /* Release */ = {
			isa = XCBuildConfiguration;
			buildSettings = {
				ASSETCATALOG_COMPILER_APPICON_NAME = AppIcon;
				DEVELOPMENT_TEAM = KT3EESWU53;
				INFOPLIST_FILE = DGImageRecognition/Info.plist;
				LD_RUNPATH_SEARCH_PATHS = "$(inherited) @executable_path/Frameworks";
				PRODUCT_BUNDLE_IDENTIFIER = com.ApptasticVoyage.DGImageRecognition;
				PRODUCT_NAME = "$(TARGET_NAME)";
				SWIFT_VERSION = 4.0;
				TARGETED_DEVICE_FAMILY = "1,2";
			};
			name = Release;
		};
/* End XCBuildConfiguration section */

/* Begin XCConfigurationList section */
		725B0BEC1F32E14600470575 /* Build configuration list for PBXProject "DGImageRecognition" */ = {
			isa = XCConfigurationList;
			buildConfigurations = (
				725B0C011F32E14700470575 /* Debug */,
				725B0C021F32E14700470575 /* Release */,
			);
			defaultConfigurationIsVisible = 0;
			defaultConfigurationName = Release;
		};
		725B0C031F32E14700470575 /* Build configuration list for PBXNativeTarget "DGImageRecognition" */ = {
			isa = XCConfigurationList;
			buildConfigurations = (
				725B0C041F32E14700470575 /* Debug */,
				725B0C051F32E14700470575 /* Release */,
			);
			defaultConfigurationIsVisible = 0;
			defaultConfigurationName = Release;
		};
/* End XCConfigurationList section */
	};
	rootObject = 725B0BE91F32E14600470575 /* Project object */;
}
